
Microsoft Visual Studio Solution File, Format Version 12.00
# Visual Studio Version 16
VisualStudioVersion = 16.0.31112.23
MinimumVisualStudioVersion = 10.0.40219.1
Project("{9A19103F-16F7-4668-BE54-9A1E7A4F7556}") = "ContaVirtual_AM", "ContaVirtual_AM\ContaVirtual_AM.csproj", "{BACC99F2-B719-4F64-AC88-1E5ABD5450FD}"
EndProject
Project("{FAE04EC0-301F-11D3-BF4B-00C04F79EFBC}") = "ContaVirtualTests", "ContaVirtualTests\ContaVirtualTests.csproj", "{499BC9E5-6507-4912-968B-9455B88AAE36}"
EndProject
Project("{2150E333-8FDC-42A3-9474-1A3956D46DE8}") = "Solution Items", "Solution Items", "{3FAA547A-61E9-456B-83E5-B4567B094106}"
	ProjectSection(SolutionItems) = preProject
		.editorconfig = .editorconfig
	EndProjectSection
EndProject
Global
	GlobalSection(SolutionConfigurationPlatforms) = preSolution
		Debug|Any CPU = Debug|Any CPU
		Release|Any CPU = Release|Any CPU
	EndGlobalSection
	GlobalSection(ProjectConfigurationPlatforms) = postSolution
		{BACC99F2-B719-4F64-AC88-1E5ABD5450FD}.Debug|Any CPU.ActiveCfg = Debug|Any CPU
		{BACC99F2-B719-4F64-AC88-1E5ABD5450FD}.Debug|Any CPU.Build.0 = Debug|Any CPU
		{BACC99F2-B719-4F64-AC88-1E5ABD5450FD}.Release|Any CPU.ActiveCfg = Release|Any CPU
		{BACC99F2-B719-4F64-AC88-1E5ABD5450FD}.Release|Any CPU.Build.0 = Release|Any CPU
		{499BC9E5-6507-4912-968B-9455B88AAE36}.Debug|Any CPU.ActiveCfg = Debug|Any CPU
		{499BC9E5-6507-4912-968B-9455B88AAE36}.Debug|Any CPU.Build.0 = Debug|Any CPU
		{499BC9E5-6507-4912-968B-9455B88AAE36}.Release|Any CPU.ActiveCfg = Release|Any CPU
		{499BC9E5-6507-4912-968B-9455B88AAE36}.Release|Any CPU.Build.0 = Release|Any CPU
	EndGlobalSection
	GlobalSection(SolutionProperties) = preSolution
		HideSolutionNode = FALSE
	EndGlobalSection
	GlobalSection(ExtensibilityGlobals) = postSolution
		SolutionGuid = {23495790-9F86-4611-B8FF-FECBDBC7711A}
	EndGlobalSection
EndGlobal
